github.com/davecgh/go-spew v1.1.0/go.mod h1:J7Y8YcW2NihsgmVo/mv3lAwl/skON4iLHjSsI+c5H38=
github.com/davecgh/go-spew v1.1.1/go.mod h1:J7Y8YcW2NihsgmVo/mv3lAwl/skON4iLHjSsI+c5H38=
github.com/dougm/goflymake v0.0.0-20140731161037-3b9634ef394a h1:S4+OSVOtl5a40p2ZgV7rA6YLl0wcjehR2jQVyWK1/UE=
github.com/dougm/goflymake v0.0.0-20140731161037-3b9634ef394a/go.mod h1:5K1XZIXX56t7gg4jDBoVXBH9ABugPa830vLJiD/XPHI=
github.com/gookit/color v1.3.7 h1:wtJz526qll4+TxVcUUaMJOzrXDCiPr6jlyB5VSOBd2U=
github.com/gookit/color v1.3.7/go.mod h1:R3ogXq2B9rTbXoSHJ1HyUVAZ3poOJHpd9nQmyGZsfvQ=
github.com/magefile/mage v1.10.0 h1:3HiXzCUY12kh9bIuyXShaVe529fJfyqoVM42o/uom2g=
github.com/magefile/mage v1.10.0/go.mod h1:z5UZb/iS3GoOSn0JgWuiw7dxlurVYTu+/jHXqQg881A=
github.com/pd0mz/go-aprs v0.0.0-20190904192146-34d6aa54791a h1:dPykYUKAT4CpEtIhKUE0DEHMfwYy9u0ryXiDBNk9bH0=
github.com/pd0mz/go-aprs v0.0.0-20190904192146-34d6aa54791a/go.mod h1:voYOhjRLxTO3cTVi17fDd0qc+hPNWf+TOk+MojCVt9E=
github.com/pd0mz/go-maidenhead v1.0.0 h1:zl2AXA36LnmP5TDEfshM0fWi1mc08fNc6qhj7YD5xjw=
github.com/pd0mz/go-maidenhead v1.0.0/go.mod h1:4Q+QSDCqWqlabstLGUVm47rAcL06nEEty2d3KzsTNMk=
github.com/pkg/term v0.0.0-20180730021639-bffc007b7fd5/go.mod h1:eCbImbZ95eXtAUIbLAuAVnBnwf83mjf6QIVH8SHYwqQ=
github.com/pmezard/go-difflib v1.0.0/go.mod h1:iKH77koFhYxTK1pcRnkKkqfTogsbg7gZNVY4sRDYZ/4=
github.com/sirupsen/logrus v1.8.0 h1:nfhvjKcUMhBMVqbKHJlk5RPrrfYr/NMo3692g0dwfWU=
github.com/sirupsen/logrus v1.8.0/go.mod h1:4GuYW9TZmE769R5STWrRakJc4UqQ3+QQ95fyz7ENv1A=
github.com/stretchr/objx v0.1.0/go.mod h1:HFkY916IF+rwdDfMAkV7OtwuqBVzrE8GR6GFx+wExME=
github.com/stretchr/testify v1.2.2/go.mod h1:a8OnRcib4nhh0OaRAV+Yts87kKdq0PP7pXfy6kDkUVs=
github.com/stretchr/testify v1.3.0/go.mod h1:M5WIy9Dh21IEIfnGCwXGc5bZfKNJtfHm1UVUgZn+9EI=
golang.org/x/sys v0.0.0-20191009170203-06d7bd2c5f4f/go.mod h1:h1NjWce9XRLGQEsW7wpKNCjG9DtNlClVuFLEZdDNbEs=
golang.org/x/sys v0.0.0-20191026070338-33540a1f6037 h1:YyJpGZS1sBuBCzLAR1VEpK193GlqGZbnPFnPV/5Rsb4=
golang.org/x/sys v0.0.0-20191026070338-33540a1f6037/go.mod h1:h1NjWce9XRLGQEsW7wpKNCjG9DtNlClVuFLEZdDNbEs=
gopkg.in/check.v1 v0.0.0-20161208181325-20d25e280405/go.mod h1:Co6ibVJAznAaIkqp8huTwlJQCZ016jof/cbN4VW5Yz0=
gopkg.in/yaml.v2 v2.4.0 h1:D8xgwECY7CYvx+Y2n4sBz93Jn9JRvxdiyyo8CTfuKaY=
gopkg.in/yaml.v2 v2.4.0/go.mod h1:RDklbk79AGWmwhnvt/jBztapEOGDOx6ZbXqjP6csGnQ=
